
Microsoft Visual Studio Solution File, Format Version 12.00
Project("{FAE04EC0-301F-11D3-BF4B-00C04F79EFBC}") = "P01-Middleware", "P01-Middleware\P01-Middleware.csproj", "{C437870A-AFBA-4BD2-B688-3C13FD4D62AF}"
EndProject
Project("{FAE04EC0-301F-11D3-BF4B-00C04F79EFBC}") = "P02-Routing", "P02-Routing\P02-Routing.csproj", "{5D690735-CC99-4FD8-AEFD-488C5F1B381D}"
EndProject
Project("{FAE04EC0-301F-11D3-BF4B-00C04F79EFBC}") = "P03-Controllers", "P03-Controllers\P03-Controllers.csproj", "{0D0B6825-AC39-4A24-81D9-56E03232BE03}"
EndProject
Project("{FAE04EC0-301F-11D3-BF4B-00C04F79EFBC}") = "P04-Model-Validation", "P04-Model-Validation\P04-Model-Validation.csproj", "{392C7F69-A686-497E-955E-C98CD52EE2A1}"
EndProject
Project("{FAE04EC0-301F-11D3-BF4B-00C04F79EFBC}") = "P05-Views", "P05-Views\P05-Views.csproj", "{62984E50-78E4-444E-B344-55E1F3B70017}"
EndProject
Project("{FAE04EC0-301F-11D3-BF4B-00C04F79EFBC}") = "P06-Layout-Views", "P06-Layout-Views\P06-Layout-Views.csproj", "{7919A033-61BB-4598-9F99-5343189BE7AA}"
EndProject
Project("{FAE04EC0-301F-11D3-BF4B-00C04F79EFBC}") = "P07-Partial-Views", "P07-Partial-Views\P07-Partial-Views.csproj", "{3A250086-E0B0-4553-B870-3DE2C56E4773}"
EndProject
Project("{FAE04EC0-301F-11D3-BF4B-00C04F79EFBC}") = "P08-DI", "P08-DI\P08-DI.csproj", "{08FD6F76-D99A-48F6-B996-89AFB5EA6404}"
EndProject
Project("{FAE04EC0-301F-11D3-BF4B-00C04F79EFBC}") = "P08-Services", "P08-Services\P08-Services.csproj", "{451B4C0A-F5FE-4E93-BB18-AE5796E75932}"
EndProject
Project("{FAE04EC0-301F-11D3-BF4B-00C04F79EFBC}") = "P08-ServiceContracts", "P08-ServiceContracts\P08-ServiceContracts.csproj", "{C43AA171-3034-4C93-A127-AA5FE63F7ACB}"
EndProject
Project("{FAE04EC0-301F-11D3-BF4B-00C04F79EFBC}") = "P09-Environment", "P09-Environment\P09-Environment.csproj", "{0704B47E-7188-4346-9C39-3E1D9AD86D28}"
EndProject
Project("{FAE04EC0-301F-11D3-BF4B-00C04F79EFBC}") = "P10-Configuration", "P10-Configuration\P10-Configuration.csproj", "{18BDDC08-91EB-49B3-AB29-CE3BED37F7DB}"
EndProject
Project("{FAE04EC0-301F-11D3-BF4B-00C04F79EFBC}") = "P11-HttpClient", "P11-HttpClient\P11-HttpClient.csproj", "{39875CBA-6808-4F2B-A8DD-BC01A5E798A5}"
EndProject
Global
	GlobalSection(SolutionConfigurationPlatforms) = preSolution
		Debug|Any CPU = Debug|Any CPU
		Release|Any CPU = Release|Any CPU
	EndGlobalSection
	GlobalSection(ProjectConfigurationPlatforms) = postSolution
		{C437870A-AFBA-4BD2-B688-3C13FD4D62AF}.Debug|Any CPU.ActiveCfg = Debug|Any CPU
		{C437870A-AFBA-4BD2-B688-3C13FD4D62AF}.Debug|Any CPU.Build.0 = Debug|Any CPU
		{C437870A-AFBA-4BD2-B688-3C13FD4D62AF}.Release|Any CPU.ActiveCfg = Release|Any CPU
		{C437870A-AFBA-4BD2-B688-3C13FD4D62AF}.Release|Any CPU.Build.0 = Release|Any CPU
		{5D690735-CC99-4FD8-AEFD-488C5F1B381D}.Debug|Any CPU.ActiveCfg = Debug|Any CPU
		{5D690735-CC99-4FD8-AEFD-488C5F1B381D}.Debug|Any CPU.Build.0 = Debug|Any CPU
		{5D690735-CC99-4FD8-AEFD-488C5F1B381D}.Release|Any CPU.ActiveCfg = Release|Any CPU
		{5D690735-CC99-4FD8-AEFD-488C5F1B381D}.Release|Any CPU.Build.0 = Release|Any CPU
		{0D0B6825-AC39-4A24-81D9-56E03232BE03}.Debug|Any CPU.ActiveCfg = Debug|Any CPU
		{0D0B6825-AC39-4A24-81D9-56E03232BE03}.Debug|Any CPU.Build.0 = Debug|Any CPU
		{0D0B6825-AC39-4A24-81D9-56E03232BE03}.Release|Any CPU.ActiveCfg = Release|Any CPU
		{0D0B6825-AC39-4A24-81D9-56E03232BE03}.Release|Any CPU.Build.0 = Release|Any CPU
		{392C7F69-A686-497E-955E-C98CD52EE2A1}.Debug|Any CPU.ActiveCfg = Debug|Any CPU
		{392C7F69-A686-497E-955E-C98CD52EE2A1}.Debug|Any CPU.Build.0 = Debug|Any CPU
		{392C7F69-A686-497E-955E-C98CD52EE2A1}.Release|Any CPU.ActiveCfg = Release|Any CPU
		{392C7F69-A686-497E-955E-C98CD52EE2A1}.Release|Any CPU.Build.0 = Release|Any CPU
		{62984E50-78E4-444E-B344-55E1F3B70017}.Debug|Any CPU.ActiveCfg = Debug|Any CPU
		{62984E50-78E4-444E-B344-55E1F3B70017}.Debug|Any CPU.Build.0 = Debug|Any CPU
		{62984E50-78E4-444E-B344-55E1F3B70017}.Release|Any CPU.ActiveCfg = Release|Any CPU
		{62984E50-78E4-444E-B344-55E1F3B70017}.Release|Any CPU.Build.0 = Release|Any CPU
		{08FD6F76-D99A-48F6-B996-89AFB5EA6404}.Debug|Any CPU.ActiveCfg = Debug|Any CPU
		{08FD6F76-D99A-48F6-B996-89AFB5EA6404}.Debug|Any CPU.Build.0 = Debug|Any CPU
		{08FD6F76-D99A-48F6-B996-89AFB5EA6404}.Release|Any CPU.ActiveCfg = Release|Any CPU
		{08FD6F76-D99A-48F6-B996-89AFB5EA6404}.Release|Any CPU.Build.0 = Release|Any CPU
		{451B4C0A-F5FE-4E93-BB18-AE5796E75932}.Debug|Any CPU.ActiveCfg = Debug|Any CPU
		{451B4C0A-F5FE-4E93-BB18-AE5796E75932}.Debug|Any CPU.Build.0 = Debug|Any CPU
		{451B4C0A-F5FE-4E93-BB18-AE5796E75932}.Release|Any CPU.ActiveCfg = Release|Any CPU
		{451B4C0A-F5FE-4E93-BB18-AE5796E75932}.Release|Any CPU.Build.0 = Release|Any CPU
		{C43AA171-3034-4C93-A127-AA5FE63F7ACB}.Debug|Any CPU.ActiveCfg = Debug|Any CPU
		{C43AA171-3034-4C93-A127-AA5FE63F7ACB}.Debug|Any CPU.Build.0 = Debug|Any CPU
		{C43AA171-3034-4C93-A127-AA5FE63F7ACB}.Release|Any CPU.ActiveCfg = Release|Any CPU
		{C43AA171-3034-4C93-A127-AA5FE63F7ACB}.Release|Any CPU.Build.0 = Release|Any CPU
		{0704B47E-7188-4346-9C39-3E1D9AD86D28}.Debug|Any CPU.ActiveCfg = Debug|Any CPU
		{0704B47E-7188-4346-9C39-3E1D9AD86D28}.Debug|Any CPU.Build.0 = Debug|Any CPU
		{0704B47E-7188-4346-9C39-3E1D9AD86D28}.Release|Any CPU.ActiveCfg = Release|Any CPU
		{0704B47E-7188-4346-9C39-3E1D9AD86D28}.Release|Any CPU.Build.0 = Release|Any CPU
		{18BDDC08-91EB-49B3-AB29-CE3BED37F7DB}.Debug|Any CPU.ActiveCfg = Debug|Any CPU
		{18BDDC08-91EB-49B3-AB29-CE3BED37F7DB}.Debug|Any CPU.Build.0 = Debug|Any CPU
		{18BDDC08-91EB-49B3-AB29-CE3BED37F7DB}.Release|Any CPU.ActiveCfg = Release|Any CPU
		{18BDDC08-91EB-49B3-AB29-CE3BED37F7DB}.Release|Any CPU.Build.0 = Release|Any CPU
		{39875CBA-6808-4F2B-A8DD-BC01A5E798A5}.Debug|Any CPU.ActiveCfg = Debug|Any CPU
		{39875CBA-6808-4F2B-A8DD-BC01A5E798A5}.Debug|Any CPU.Build.0 = Debug|Any CPU
		{39875CBA-6808-4F2B-A8DD-BC01A5E798A5}.Release|Any CPU.ActiveCfg = Release|Any CPU
		{39875CBA-6808-4F2B-A8DD-BC01A5E798A5}.Release|Any CPU.Build.0 = Release|Any CPU
	EndGlobalSection
EndGlobal
